
Microsoft Visual Studio Solution File, Format Version 12.00
# Visual Studio Version 16
VisualStudioVersion = 16.0.29926.136
MinimumVisualStudioVersion = 10.0.40219.1
Project("{FAE04EC0-301F-11D3-BF4B-00C04F79EFBC}") = "Cooking_WPF_Jacky_Kuoch", "Cooking_WPF_Jacky_Kuoch\Cooking_WPF_Jacky_Kuoch.csproj", "{88399FF0-1B3A-4CAA-8206-86BCD19912C0}"
EndProject
Global
	GlobalSection(SolutionConfigurationPlatforms) = preSolution
		Debug|Any CPU = Debug|Any CPU
		Release|Any CPU = Release|Any CPU
	EndGlobalSection
	GlobalSection(ProjectConfigurationPlatforms) = postSolution
		{88399FF0-1B3A-4CAA-8206-86BCD19912C0}.Debug|Any CPU.ActiveCfg = Debug|Any CPU
		{88399FF0-1B3A-4CAA-8206-86BCD19912C0}.Debug|Any CPU.Build.0 = Debug|Any CPU
		{88399FF0-1B3A-4CAA-8206-86BCD19912C0}.Release|Any CPU.ActiveCfg = Release|Any CPU
		{88399FF0-1B3A-4CAA-8206-86BCD19912C0}.Release|Any CPU.Build.0 = Release|Any CPU
	EndGlobalSection
	GlobalSection(SolutionProperties) = preSolution
		HideSolutionNode = FALSE
	EndGlobalSection
	GlobalSection(ExtensibilityGlobals) = postSolution
		SolutionGuid = {235E29B4-6356-412F-BBF8-88A952E368A0}
	EndGlobalSection
EndGlobal
